
Microsoft Visual Studio Solution File, Format Version 12.00
# Visual Studio 15
VisualStudioVersion = 15.0.26730.15
MinimumVisualStudioVersion = 10.0.40219.1
Project("{FAE04EC0-301F-11D3-BF4B-00C04F79EFBC}") = "Zoo", "Zoo.csproj", "{077F1FFC-7064-4FC9-9E52-3197F4EF153F}"
EndProject
Global
	GlobalSection(SolutionConfigurationPlatforms) = preSolution
		Debug|Any CPU = Debug|Any CPU
		Release|Any CPU = Release|Any CPU
	EndGlobalSection
	GlobalSection(ProjectConfigurationPlatforms) = postSolution
		{077F1FFC-7064-4FC9-9E52-3197F4EF153F}.Debug|Any CPU.ActiveCfg = Debug|Any CPU
		{077F1FFC-7064-4FC9-9E52-3197F4EF153F}.Debug|Any CPU.Build.0 = Debug|Any CPU
		{077F1FFC-7064-4FC9-9E52-3197F4EF153F}.Release|Any CPU.ActiveCfg = Release|Any CPU
		{077F1FFC-7064-4FC9-9E52-3197F4EF153F}.Release|Any CPU.Build.0 = Release|Any CPU
	EndGlobalSection
	GlobalSection(SolutionProperties) = preSolution
		HideSolutionNode = FALSE
	EndGlobalSection
	GlobalSection(ExtensibilityGlobals) = postSolution
		SolutionGuid = {A710D939-E77B-483D-B92F-1AE964A31E6A}
	EndGlobalSection
EndGlobal
